// !$*UTF8*$!
{
	archiveVersion = 1;
	classes = {
	};
	objectVersion = 56;
	objects = {

/* Begin PBXBuildFile section */
		00SKY000000000000000026 /* AttitudeFusion.swift in Sources */ = {isa = PBXBuildFile; fileRef = 00SKY000000000000000025 /* AttitudeFusion.swift */; };
		00SKY000000000000000028 /* HitTester.swift in Sources */ = {isa = PBXBuildFile; fileRef = 00SKY000000000000000027 /* HitTester.swift */; };
		00SKY000000000000000030 /* SkyARViewController.swift in Sources */ = {isa = PBXBuildFile; fileRef = 00SKY000000000000000029 /* SkyARViewController.swift */; };
		00SKY000000000000000032 /* SkySphereBuilder.swift in Sources */ = {isa = PBXBuildFile; fileRef = 00SKY000000000000000031 /* SkySphereBuilder.swift */; };
		00SKY000000000000000034 /* AppState.swift in Sources */ = {isa = PBXBuildFile; fileRef = 00SKY000000000000000033 /* AppState.swift */; };
		00SKY000000000000000036 /* RootView.swift in Sources */ = {isa = PBXBuildFile; fileRef = 00SKY000000000000000035 /* RootView.swift */; };
		00SKY000000000000000038 /* UrsaSkyApp.swift in Sources */ = {isa = PBXBuildFile; fileRef = 00SKY000000000000000037 /* UrsaSkyApp.swift */; };
		00SKY000000000000000040 /* Horizontal.swift in Sources */ = {isa = PBXBuildFile; fileRef = 00SKY000000000000000039 /* Horizontal.swift */; };
		00SKY000000000000000042 /* JulianDate.swift in Sources */ = {isa = PBXBuildFile; fileRef = 00SKY000000000000000041 /* JulianDate.swift */; };
		00SKY000000000000000044 /* Nutation.swift in Sources */ = {isa = PBXBuildFile; fileRef = 00SKY000000000000000043 /* Nutation.swift */; };
		00SKY000000000000000046 /* Precession.swift in Sources */ = {isa = PBXBuildFile; fileRef = 00SKY000000000000000045 /* Precession.swift */; };
		00SKY000000000000000048 /* Sidereal.swift in Sources */ = {isa = PBXBuildFile; fileRef = 00SKY000000000000000047 /* Sidereal.swift */; };
		00SKY000000000000000050 /* VectorMath.swift in Sources */ = {isa = PBXBuildFile; fileRef = 00SKY000000000000000049 /* VectorMath.swift */; };
		00SKY000000000000000052 /* CatalogStore.swift in Sources */ = {isa = PBXBuildFile; fileRef = 00SKY000000000000000051 /* CatalogStore.swift */; };
		00SKY000000000000000054 /* Constellation.swift in Sources */ = {isa = PBXBuildFile; fileRef = 00SKY000000000000000053 /* Constellation.swift */; };
		00SKY000000000000000056 /* SearchIndex.swift in Sources */ = {isa = PBXBuildFile; fileRef = 00SKY000000000000000055 /* SearchIndex.swift */; };
		00SKY000000000000000058 /* Star.swift in Sources */ = {isa = PBXBuildFile; fileRef = 00SKY000000000000000057 /* Star.swift */; };
		00SKY000000000000000060 /* BrowseView.swift in Sources */ = {isa = PBXBuildFile; fileRef = 00SKY000000000000000059 /* BrowseView.swift */; };
		00SKY000000000000000062 /* CalendarView.swift in Sources */ = {isa = PBXBuildFile; fileRef = 00SKY000000000000000061 /* CalendarView.swift */; };
		00SKY000000000000000064 /* ConstellationDetailView.swift in Sources */ = {isa = PBXBuildFile; fileRef = 00SKY000000000000000063 /* ConstellationDetailView.swift */; };
		00SKY000000000000000066 /* SettingsView.swift in Sources */ = {isa = PBXBuildFile; fileRef = 00SKY000000000000000065 /* SettingsView.swift */; };
		00SKY000000000000000068 /* StarDetailView.swift in Sources */ = {isa = PBXBuildFile; fileRef = 00SKY000000000000000067 /* StarDetailView.swift */; };
		00SKY000000000000000070 /* ISSPredictor.swift in Sources */ = {isa = PBXBuildFile; fileRef = 00SKY000000000000000069 /* ISSPredictor.swift */; };
		00SKY000000000000000072 /* OnlineTLEClient.swift in Sources */ = {isa = PBXBuildFile; fileRef = 00SKY000000000000000071 /* OnlineTLEClient.swift */; };
		00SKY000000000000000074 /* SGP4.swift in Sources */ = {isa = PBXBuildFile; fileRef = 00SKY000000000000000073 /* SGP4.swift */; };
		00SKY000000000000000076 /* TLEParser.swift in Sources */ = {isa = PBXBuildFile; fileRef = 00SKY000000000000000075 /* TLEParser.swift */; };
		00SKY000000000000000078 /* CityPicker.swift in Sources */ = {isa = PBXBuildFile; fileRef = 00SKY000000000000000077 /* CityPicker.swift */; };
		00SKY000000000000000080 /* LocationService.swift in Sources */ = {isa = PBXBuildFile; fileRef = 00SKY000000000000000079 /* LocationService.swift */; };
		00SKY000000000000000082 /* ManualCoordinates.swift in Sources */ = {isa = PBXBuildFile; fileRef = 00SKY000000000000000081 /* ManualCoordinates.swift */; };
		00SKY000000000000000084 /* MeteorCalendarView.swift in Sources */ = {isa = PBXBuildFile; fileRef = 00SKY000000000000000083 /* MeteorCalendarView.swift */; };
		00SKY000000000000000086 /* MeteorCatalog.swift in Sources */ = {isa = PBXBuildFile; fileRef = 00SKY000000000000000085 /* MeteorCatalog.swift */; };
		00SKY000000000000000088 /* RadiantOverlay.swift in Sources */ = {isa = PBXBuildFile; fileRef = 00SKY000000000000000087 /* RadiantOverlay.swift */; };
		00SKY000000000000000090 /* PermissionOnboarding.swift in Sources */ = {isa = PBXBuildFile; fileRef = 00SKY000000000000000089 /* PermissionOnboarding.swift */; };
		00SKY000000000000000092 /* OnlineEnhancementService.swift in Sources */ = {isa = PBXBuildFile; fileRef = 00SKY000000000000000091 /* OnlineEnhancementService.swift */; };
		00SKY000000000000000094 /* NightMode.swift in Sources */ = {isa = PBXBuildFile; fileRef = 00SKY000000000000000093 /* NightMode.swift */; };
		00SKY000000000000000096 /* SkyClock.swift in Sources */ = {isa = PBXBuildFile; fileRef = 00SKY000000000000000095 /* SkyClock.swift */; };
		00SKY000000000000000098 /* TimeTravelScrubber.swift in Sources */ = {isa = PBXBuildFile; fileRef = 00SKY000000000000000097 /* TimeTravelScrubber.swift */; };
		00SKY000000000000000100 /* AstronomyTests.swift in Sources */ = {isa = PBXBuildFile; fileRef = 00SKY000000000000000099 /* AstronomyTests.swift */; };
		00SKY000000000000000102 /* catalog.sqlite in Resources */ = {isa = PBXBuildFile; fileRef = 00SKY000000000000000101 /* catalog.sqlite */; };
		00SKY000000000000000104 /* cities.json in Resources */ = {isa = PBXBuildFile; fileRef = 00SKY000000000000000103 /* cities.json */; };
		00SKY000000000000000106 /* meteors.json in Resources */ = {isa = PBXBuildFile; fileRef = 00SKY000000000000000105 /* meteors.json */; };
		00SKY000000000000000108 /* iss.tle in Resources */ = {isa = PBXBuildFile; fileRef = 00SKY000000000000000107 /* iss.tle */; };
		00SKY000000000000000110 /* Assets.xcassets in Resources */ = {isa = PBXBuildFile; fileRef = 00SKY000000000000000109 /* Assets.xcassets */; };
		00SKY000000000000000113 /* ARKit.framework in Frameworks */ = {isa = PBXBuildFile; fileRef = 00SKY000000000000000112 /* ARKit.framework */; };
		00SKY000000000000000115 /* SceneKit.framework in Frameworks */ = {isa = PBXBuildFile; fileRef = 00SKY000000000000000114 /* SceneKit.framework */; };
		00SKY000000000000000117 /* CoreMotion.framework in Frameworks */ = {isa = PBXBuildFile; fileRef = 00SKY000000000000000116 /* CoreMotion.framework */; };
		00SKY000000000000000119 /* CoreLocation.framework in Frameworks */ = {isa = PBXBuildFile; fileRef = 00SKY000000000000000118 /* CoreLocation.framework */; };
		00SKY000000000000000121 /* SQLite3.tbd in Frameworks */ = {isa = PBXBuildFile; fileRef = 00SKY000000000000000120 /* SQLite3.tbd */; };
		00SKY000000000000000123 /* CatalogTests.swift in Sources */ = {isa = PBXBuildFile; fileRef = 00SKY000000000000000122 /* CatalogTests.swift */; };
		00SKY000000000000000125 /* SkyGuide.swift in Sources */ = {isa = PBXBuildFile; fileRef = 00SKY000000000000000124 /* SkyGuide.swift */; };
		00SKY000000000000000127 /* ExplainedRow.swift in Sources */ = {isa = PBXBuildFile; fileRef = 00SKY000000000000000126 /* ExplainedRow.swift */; };
/* End PBXBuildFile section */

/* Begin PBXContainerItemProxy section */
		00SKY000000000000000148 /* PBXContainerItemProxy */ = {
			isa = PBXContainerItemProxy;
			containerPortal = 00SKY000000000000000001 /* Project object */;
			proxyType = 1;
			remoteGlobalIDString = 00SKY000000000000000002;
			remoteInfo = UrsaSky;
		};
/* End PBXContainerItemProxy section */

/* Begin PBXFileReference section */
		00SKY000000000000000004 /* UrsaSky.app */ = {isa = PBXFileReference; explicitFileType = wrapper.application; includeInIndex = 0; path = UrsaSky.app; sourceTree = BUILT_PRODUCTS_DIR; };
		00SKY000000000000000005 /* UrsaSkyTests.xctest */ = {isa = PBXFileReference; explicitFileType = wrapper.cfbundle; includeInIndex = 0; path = UrsaSkyTests.xctest; sourceTree = BUILT_PRODUCTS_DIR; };
		00SKY000000000000000025 /* AttitudeFusion.swift */ = {isa = PBXFileReference; lastKnownFileType = sourcecode.swift; path = AttitudeFusion.swift; sourceTree = "<group>"; };
		00SKY000000000000000027 /* HitTester.swift */ = {isa = PBXFileReference; lastKnownFileType = sourcecode.swift; path = HitTester.swift; sourceTree = "<group>"; };
		00SKY000000000000000029 /* SkyARViewController.swift */ = {isa = PBXFileReference; lastKnownFileType = sourcecode.swift; path = SkyARViewController.swift; sourceTree = "<group>"; };
		00SKY000000000000000031 /* SkySphereBuilder.swift */ = {isa = PBXFileReference; lastKnownFileType = sourcecode.swift; path = SkySphereBuilder.swift; sourceTree = "<group>"; };
		00SKY000000000000000033 /* AppState.swift */ = {isa = PBXFileReference; lastKnownFileType = sourcecode.swift; path = AppState.swift; sourceTree = "<group>"; };
		00SKY000000000000000035 /* RootView.swift */ = {isa = PBXFileReference; lastKnownFileType = sourcecode.swift; path = RootView.swift; sourceTree = "<group>"; };
		00SKY000000000000000037 /* UrsaSkyApp.swift */ = {isa = PBXFileReference; lastKnownFileType = sourcecode.swift; path = UrsaSkyApp.swift; sourceTree = "<group>"; };
		00SKY000000000000000039 /* Horizontal.swift */ = {isa = PBXFileReference; lastKnownFileType = sourcecode.swift; path = Horizontal.swift; sourceTree = "<group>"; };
		00SKY000000000000000041 /* JulianDate.swift */ = {isa = PBXFileReference; lastKnownFileType = sourcecode.swift; path = JulianDate.swift; sourceTree = "<group>"; };
		00SKY000000000000000043 /* Nutation.swift */ = {isa = PBXFileReference; lastKnownFileType = sourcecode.swift; path = Nutation.swift; sourceTree = "<group>"; };
		00SKY000000000000000045 /* Precession.swift */ = {isa = PBXFileReference; lastKnownFileType = sourcecode.swift; path = Precession.swift; sourceTree = "<group>"; };
		00SKY000000000000000047 /* Sidereal.swift */ = {isa = PBXFileReference; lastKnownFileType = sourcecode.swift; path = Sidereal.swift; sourceTree = "<group>"; };
		00SKY000000000000000049 /* VectorMath.swift */ = {isa = PBXFileReference; lastKnownFileType = sourcecode.swift; path = VectorMath.swift; sourceTree = "<group>"; };
		00SKY000000000000000051 /* CatalogStore.swift */ = {isa = PBXFileReference; lastKnownFileType = sourcecode.swift; path = CatalogStore.swift; sourceTree = "<group>"; };
		00SKY000000000000000053 /* Constellation.swift */ = {isa = PBXFileReference; lastKnownFileType = sourcecode.swift; path = Constellation.swift; sourceTree = "<group>"; };
		00SKY000000000000000055 /* SearchIndex.swift */ = {isa = PBXFileReference; lastKnownFileType = sourcecode.swift; path = SearchIndex.swift; sourceTree = "<group>"; };
		00SKY000000000000000057 /* Star.swift */ = {isa = PBXFileReference; lastKnownFileType = sourcecode.swift; path = Star.swift; sourceTree = "<group>"; };
		00SKY000000000000000059 /* BrowseView.swift */ = {isa = PBXFileReference; lastKnownFileType = sourcecode.swift; path = BrowseView.swift; sourceTree = "<group>"; };
		00SKY000000000000000061 /* CalendarView.swift */ = {isa = PBXFileReference; lastKnownFileType = sourcecode.swift; path = CalendarView.swift; sourceTree = "<group>"; };
		00SKY000000000000000063 /* ConstellationDetailView.swift */ = {isa = PBXFileReference; lastKnownFileType = sourcecode.swift; path = ConstellationDetailView.swift; sourceTree = "<group>"; };
		00SKY000000000000000065 /* SettingsView.swift */ = {isa = PBXFileReference; lastKnownFileType = sourcecode.swift; path = SettingsView.swift; sourceTree = "<group>"; };
		00SKY000000000000000067 /* StarDetailView.swift */ = {isa = PBXFileReference; lastKnownFileType = sourcecode.swift; path = StarDetailView.swift; sourceTree = "<group>"; };
		00SKY000000000000000069 /* ISSPredictor.swift */ = {isa = PBXFileReference; lastKnownFileType = sourcecode.swift; path = ISSPredictor.swift; sourceTree = "<group>"; };
		00SKY000000000000000071 /* OnlineTLEClient.swift */ = {isa = PBXFileReference; lastKnownFileType = sourcecode.swift; path = OnlineTLEClient.swift; sourceTree = "<group>"; };
		00SKY000000000000000073 /* SGP4.swift */ = {isa = PBXFileReference; lastKnownFileType = sourcecode.swift; path = SGP4.swift; sourceTree = "<group>"; };
		00SKY000000000000000075 /* TLEParser.swift */ = {isa = PBXFileReference; lastKnownFileType = sourcecode.swift; path = TLEParser.swift; sourceTree = "<group>"; };
		00SKY000000000000000077 /* CityPicker.swift */ = {isa = PBXFileReference; lastKnownFileType = sourcecode.swift; path = CityPicker.swift; sourceTree = "<group>"; };
		00SKY000000000000000079 /* LocationService.swift */ = {isa = PBXFileReference; lastKnownFileType = sourcecode.swift; path = LocationService.swift; sourceTree = "<group>"; };
		00SKY000000000000000081 /* ManualCoordinates.swift */ = {isa = PBXFileReference; lastKnownFileType = sourcecode.swift; path = ManualCoordinates.swift; sourceTree = "<group>"; };
		00SKY000000000000000083 /* MeteorCalendarView.swift */ = {isa = PBXFileReference; lastKnownFileType = sourcecode.swift; path = MeteorCalendarView.swift; sourceTree = "<group>"; };
		00SKY000000000000000085 /* MeteorCatalog.swift */ = {isa = PBXFileReference; lastKnownFileType = sourcecode.swift; path = MeteorCatalog.swift; sourceTree = "<group>"; };
		00SKY000000000000000087 /* RadiantOverlay.swift */ = {isa = PBXFileReference; lastKnownFileType = sourcecode.swift; path = RadiantOverlay.swift; sourceTree = "<group>"; };
		00SKY000000000000000089 /* PermissionOnboarding.swift */ = {isa = PBXFileReference; lastKnownFileType = sourcecode.swift; path = PermissionOnboarding.swift; sourceTree = "<group>"; };
		00SKY000000000000000091 /* OnlineEnhancementService.swift */ = {isa = PBXFileReference; lastKnownFileType = sourcecode.swift; path = OnlineEnhancementService.swift; sourceTree = "<group>"; };
		00SKY000000000000000093 /* NightMode.swift */ = {isa = PBXFileReference; lastKnownFileType = sourcecode.swift; path = NightMode.swift; sourceTree = "<group>"; };
		00SKY000000000000000095 /* SkyClock.swift */ = {isa = PBXFileReference; lastKnownFileType = sourcecode.swift; path = SkyClock.swift; sourceTree = "<group>"; };
		00SKY000000000000000097 /* TimeTravelScrubber.swift */ = {isa = PBXFileReference; lastKnownFileType = sourcecode.swift; path = TimeTravelScrubber.swift; sourceTree = "<group>"; };
		00SKY000000000000000099 /* AstronomyTests.swift */ = {isa = PBXFileReference; lastKnownFileType = sourcecode.swift; path = AstronomyTests.swift; sourceTree = "<group>"; };
		00SKY000000000000000101 /* catalog.sqlite */ = {isa = PBXFileReference; lastKnownFileType = file; path = catalog.sqlite; sourceTree = "<group>"; };
		00SKY000000000000000103 /* cities.json */ = {isa = PBXFileReference; lastKnownFileType = text.json; path = cities.json; sourceTree = "<group>"; };
		00SKY000000000000000105 /* meteors.json */ = {isa = PBXFileReference; lastKnownFileType = text.json; path = meteors.json; sourceTree = "<group>"; };
		00SKY000000000000000107 /* iss.tle */ = {isa = PBXFileReference; lastKnownFileType = text; path = iss.tle; sourceTree = "<group>"; };
		00SKY000000000000000109 /* Assets.xcassets */ = {isa = PBXFileReference; lastKnownFileType = folder.assetcatalog; path = Assets.xcassets; sourceTree = "<group>"; };
		00SKY000000000000000111 /* Info.plist */ = {isa = PBXFileReference; lastKnownFileType = text.plist.xml; path = Info.plist; sourceTree = "<group>"; };
		00SKY000000000000000112 /* ARKit.framework */ = {isa = PBXFileReference; lastKnownFileType = wrapper.framework; name = ARKit.framework; path = System/Library/Frameworks/ARKit.framework; sourceTree = SDKROOT; };
		00SKY000000000000000114 /* SceneKit.framework */ = {isa = PBXFileReference; lastKnownFileType = wrapper.framework; name = SceneKit.framework; path = System/Library/Frameworks/SceneKit.framework; sourceTree = SDKROOT; };
		00SKY000000000000000116 /* CoreMotion.framework */ = {isa = PBXFileReference; lastKnownFileType = wrapper.framework; name = CoreMotion.framework; path = System/Library/Frameworks/CoreMotion.framework; sourceTree = SDKROOT; };
		00SKY000000000000000118 /* CoreLocation.framework */ = {isa = PBXFileReference; lastKnownFileType = wrapper.framework; name = CoreLocation.framework; path = System/Library/Frameworks/CoreLocation.framework; sourceTree = SDKROOT; };
		00SKY000000000000000120 /* SQLite3.tbd */ = {isa = PBXFileReference; lastKnownFileType = "sourcecode.text-based-dylib-definition"; name = SQLite3.tbd; path = usr/lib/libsqlite3.tbd; sourceTree = SDKROOT; };
		00SKY000000000000000122 /* CatalogTests.swift */ = {isa = PBXFileReference; lastKnownFileType = sourcecode.swift; path = CatalogTests.swift; sourceTree = "<group>"; };
		00SKY000000000000000124 /* SkyGuide.swift */ = {isa = PBXFileReference; lastKnownFileType = sourcecode.swift; path = SkyGuide.swift; sourceTree = "<group>"; };
		00SKY000000000000000126 /* ExplainedRow.swift */ = {isa = PBXFileReference; lastKnownFileType = sourcecode.swift; path = ExplainedRow.swift; sourceTree = "<group>"; };
/* End PBXFileReference section */

/* Begin PBXFrameworksBuildPhase section */
		00SKY000000000000000008 /* Frameworks */ = {
			isa = PBXFrameworksBuildPhase;
			buildActionMask = 2147483647;
			files = (
				00SKY000000000000000113 /* ARKit.framework in Frameworks */,
				00SKY000000000000000115 /* SceneKit.framework in Frameworks */,
				00SKY000000000000000117 /* CoreMotion.framework in Frameworks */,
				00SKY000000000000000119 /* CoreLocation.framework in Frameworks */,
				00SKY000000000000000121 /* SQLite3.tbd in Frameworks */,
			);
			runOnlyForDeploymentPostprocessing = 0;
		};
		00SKY000000000000000010 /* Frameworks */ = {
			isa = PBXFrameworksBuildPhase;
			buildActionMask = 2147483647;
			files = (
			);
			runOnlyForDeploymentPostprocessing = 0;
		};
/* End PBXFrameworksBuildPhase section */

/* Begin PBXGroup section */
		00SKY000000000000000011 = {
			isa = PBXGroup;
			children = (
				00SKY000000000000000012 /* UrsaSky */,
				00SKY000000000000000013 /* UrsaSkyTests */,
				00SKY000000000000000015 /* Frameworks */,
				00SKY000000000000000014 /* Products */,
			);
			sourceTree = "<group>";
		};
		00SKY000000000000000012 /* UrsaSky */ = {
			isa = PBXGroup;
			children = (
				00SKY000000000000000134 /* AR */,
				00SKY000000000000000135 /* App */,
				00SKY000000000000000136 /* Astronomy */,
				00SKY000000000000000137 /* Catalog */,
				00SKY000000000000000138 /* Features */,
				00SKY000000000000000139 /* ISS */,
				00SKY000000000000000140 /* Location */,
				00SKY000000000000000141 /* Meteors */,
				00SKY000000000000000142 /* Onboarding */,
				00SKY000000000000000143 /* Online */,
				00SKY000000000000000144 /* Theme */,
				00SKY000000000000000145 /* Time */,
				00SKY000000000000000146 /* Resources */,
				00SKY000000000000000109 /* Assets.xcassets */,
				00SKY000000000000000111 /* Info.plist */,
			);
			path = UrsaSky;
			sourceTree = "<group>";
		};
		00SKY000000000000000013 /* UrsaSkyTests */ = {
			isa = PBXGroup;
			children = (
				00SKY000000000000000099 /* AstronomyTests.swift */,
				00SKY000000000000000122 /* CatalogTests.swift */,
			);
			path = UrsaSkyTests;
			sourceTree = "<group>";
		};
		00SKY000000000000000014 /* Products */ = {
			isa = PBXGroup;
			children = (
				00SKY000000000000000004 /* UrsaSky.app */,
				00SKY000000000000000005 /* UrsaSkyTests.xctest */,
			);
			name = Products;
			sourceTree = "<group>";
		};
		00SKY000000000000000015 /* Frameworks */ = {
			isa = PBXGroup;
			children = (
				00SKY000000000000000112 /* ARKit.framework */,
				00SKY000000000000000114 /* SceneKit.framework */,
				00SKY000000000000000116 /* CoreMotion.framework */,
				00SKY000000000000000118 /* CoreLocation.framework */,
				00SKY000000000000000120 /* SQLite3.tbd */,
			);
			name = Frameworks;
			sourceTree = "<group>";
		};
		00SKY000000000000000134 /* AR */ = {
			isa = PBXGroup;
			children = (
				00SKY000000000000000025 /* AttitudeFusion.swift */,
				00SKY000000000000000027 /* HitTester.swift */,
				00SKY000000000000000029 /* SkyARViewController.swift */,
				00SKY000000000000000031 /* SkySphereBuilder.swift */,
			);
			path = AR;
			sourceTree = "<group>";
		};
		00SKY000000000000000135 /* App */ = {
			isa = PBXGroup;
			children = (
				00SKY000000000000000033 /* AppState.swift */,
				00SKY000000000000000035 /* RootView.swift */,
				00SKY000000000000000037 /* UrsaSkyApp.swift */,
			);
			path = App;
			sourceTree = "<group>";
		};
		00SKY000000000000000136 /* Astronomy */ = {
			isa = PBXGroup;
			children = (
				00SKY000000000000000039 /* Horizontal.swift */,
				00SKY000000000000000041 /* JulianDate.swift */,
				00SKY000000000000000043 /* Nutation.swift */,
				00SKY000000000000000045 /* Precession.swift */,
				00SKY000000000000000047 /* Sidereal.swift */,
				00SKY000000000000000049 /* VectorMath.swift */,
			);
			path = Astronomy;
			sourceTree = "<group>";
		};
		00SKY000000000000000137 /* Catalog */ = {
			isa = PBXGroup;
			children = (
				00SKY000000000000000051 /* CatalogStore.swift */,
				00SKY000000000000000053 /* Constellation.swift */,
				00SKY000000000000000055 /* SearchIndex.swift */,
				00SKY000000000000000057 /* Star.swift */,
			);
			path = Catalog;
			sourceTree = "<group>";
		};
		00SKY000000000000000138 /* Features */ = {
			isa = PBXGroup;
			children = (
				00SKY000000000000000059 /* BrowseView.swift */,
				00SKY000000000000000061 /* CalendarView.swift */,
				00SKY000000000000000063 /* ConstellationDetailView.swift */,
				00SKY000000000000000126 /* ExplainedRow.swift */,
				00SKY000000000000000065 /* SettingsView.swift */,
				00SKY000000000000000124 /* SkyGuide.swift */,
				00SKY000000000000000067 /* StarDetailView.swift */,
			);
			path = Features;
			sourceTree = "<group>";
		};
		00SKY000000000000000139 /* ISS */ = {
			isa = PBXGroup;
			children = (
				00SKY000000000000000069 /* ISSPredictor.swift */,
				00SKY000000000000000071 /* OnlineTLEClient.swift */,
				00SKY000000000000000073 /* SGP4.swift */,
				00SKY000000000000000075 /* TLEParser.swift */,
			);
			path = ISS;
			sourceTree = "<group>";
		};
		00SKY000000000000000140 /* Location */ = {
			isa = PBXGroup;
			children = (
				00SKY000000000000000077 /* CityPicker.swift */,
				00SKY000000000000000079 /* LocationService.swift */,
				00SKY000000000000000081 /* ManualCoordinates.swift */,
			);
			path = Location;
			sourceTree = "<group>";
		};
		00SKY000000000000000141 /* Meteors */ = {
			isa = PBXGroup;
			children = (
				00SKY000000000000000083 /* MeteorCalendarView.swift */,
				00SKY000000000000000085 /* MeteorCatalog.swift */,
				00SKY000000000000000087 /* RadiantOverlay.swift */,
			);
			path = Meteors;
			sourceTree = "<group>";
		};
		00SKY000000000000000142 /* Onboarding */ = {
			isa = PBXGroup;
			children = (
				00SKY000000000000000089 /* PermissionOnboarding.swift */,
			);
			path = Onboarding;
			sourceTree = "<group>";
		};
		00SKY000000000000000143 /* Online */ = {
			isa = PBXGroup;
			children = (
				00SKY000000000000000091 /* OnlineEnhancementService.swift */,
			);
			path = Online;
			sourceTree = "<group>";
		};
		00SKY000000000000000144 /* Theme */ = {
			isa = PBXGroup;
			children = (
				00SKY000000000000000093 /* NightMode.swift */,
			);
			path = Theme;
			sourceTree = "<group>";
		};
		00SKY000000000000000145 /* Time */ = {
			isa = PBXGroup;
			children = (
				00SKY000000000000000095 /* SkyClock.swift */,
				00SKY000000000000000097 /* TimeTravelScrubber.swift */,
			);
			path = Time;
			sourceTree = "<group>";
		};
		00SKY000000000000000146 /* Resources */ = {
			isa = PBXGroup;
			children = (
				00SKY000000000000000101 /* catalog.sqlite */,
				00SKY000000000000000103 /* cities.json */,
				00SKY000000000000000105 /* meteors.json */,
				00SKY000000000000000107 /* iss.tle */,
			);
			path = Resources;
			sourceTree = "<group>";
		};
/* End PBXGroup section */

/* Begin PBXNativeTarget section */
		00SKY000000000000000002 /* UrsaSky */ = {
			isa = PBXNativeTarget;
			buildConfigurationList = 00SKY000000000000000023 /* Build configuration list for PBXNativeTarget "UrsaSky" */;
			buildPhases = (
				00SKY000000000000000006 /* Sources */,
				00SKY000000000000000008 /* Frameworks */,
				00SKY000000000000000007 /* Resources */,
			);
			buildRules = (
			);
			dependencies = (
			);
			name = UrsaSky;
			productName = UrsaSky;
			productReference = 00SKY000000000000000004 /* UrsaSky.app */;
			productType = "com.apple.product-type.application";
		};
		00SKY000000000000000003 /* UrsaSkyTests */ = {
			isa = PBXNativeTarget;
			buildConfigurationList = 00SKY000000000000000024 /* Build configuration list for PBXNativeTarget "UrsaSkyTests" */;
			buildPhases = (
				00SKY000000000000000009 /* Sources */,
				00SKY000000000000000010 /* Frameworks */,
			);
			buildRules = (
			);
			dependencies = (
				00SKY000000000000000147 /* PBXTargetDependency */,
			);
			name = UrsaSkyTests;
			productName = UrsaSkyTests;
			productReference = 00SKY000000000000000005 /* UrsaSkyTests.xctest */;
			productType = "com.apple.product-type.bundle.unit-test";
		};
/* End PBXNativeTarget section */

/* Begin PBXProject section */
		00SKY000000000000000001 /* Project object */ = {
			isa = PBXProject;
			attributes = {
				BuildIndependentTargetsInParallel = 1;
				LastSwiftUpdateCheck = 1500;
				LastUpgradeCheck = 2630;
				TargetAttributes = {
					00SKY000000000000000002 = {
						CreatedOnToolsVersion = 15.0;
					};
					00SKY000000000000000003 = {
						CreatedOnToolsVersion = 15.0;
						TestTargetID = 00SKY000000000000000002;
					};
				};
			};
			buildConfigurationList = 00SKY000000000000000022 /* Build configuration list for PBXProject "UrsaSky" */;
			compatibilityVersion = "Xcode 14.0";
			developmentRegion = en;
			hasScannedForEncodings = 0;
			knownRegions = (
				en,
				Base,
			);
			mainGroup = 00SKY000000000000000011;
			productRefGroup = 00SKY000000000000000014 /* Products */;
			projectDirPath = "";
			projectRoot = "";
			targets = (
				00SKY000000000000000002 /* UrsaSky */,
				00SKY000000000000000003 /* UrsaSkyTests */,
			);
		};
/* End PBXProject section */

/* Begin PBXResourcesBuildPhase section */
		00SKY000000000000000007 /* Resources */ = {
			isa = PBXResourcesBuildPhase;
			buildActionMask = 2147483647;
			files = (
				00SKY000000000000000102 /* catalog.sqlite in Resources */,
				00SKY000000000000000104 /* cities.json in Resources */,
				00SKY000000000000000106 /* meteors.json in Resources */,
				00SKY000000000000000108 /* iss.tle in Resources */,
				00SKY000000000000000110 /* Assets.xcassets in Resources */,
			);
			runOnlyForDeploymentPostprocessing = 0;
		};
/* End PBXResourcesBuildPhase section */

/* Begin PBXSourcesBuildPhase section */
		00SKY000000000000000006 /* Sources */ = {
			isa = PBXSourcesBuildPhase;
			buildActionMask = 2147483647;
			files = (
				00SKY000000000000000026 /* AttitudeFusion.swift in Sources */,
				00SKY000000000000000028 /* HitTester.swift in Sources */,
				00SKY000000000000000030 /* SkyARViewController.swift in Sources */,
				00SKY000000000000000032 /* SkySphereBuilder.swift in Sources */,
				00SKY000000000000000034 /* AppState.swift in Sources */,
				00SKY000000000000000036 /* RootView.swift in Sources */,
				00SKY000000000000000038 /* UrsaSkyApp.swift in Sources */,
				00SKY000000000000000040 /* Horizontal.swift in Sources */,
				00SKY000000000000000042 /* JulianDate.swift in Sources */,
				00SKY000000000000000044 /* Nutation.swift in Sources */,
				00SKY000000000000000046 /* Precession.swift in Sources */,
				00SKY000000000000000048 /* Sidereal.swift in Sources */,
				00SKY000000000000000050 /* VectorMath.swift in Sources */,
				00SKY000000000000000052 /* CatalogStore.swift in Sources */,
				00SKY000000000000000054 /* Constellation.swift in Sources */,
				00SKY000000000000000056 /* SearchIndex.swift in Sources */,
				00SKY000000000000000058 /* Star.swift in Sources */,
				00SKY000000000000000060 /* BrowseView.swift in Sources */,
				00SKY000000000000000062 /* CalendarView.swift in Sources */,
				00SKY000000000000000064 /* ConstellationDetailView.swift in Sources */,
				00SKY000000000000000066 /* SettingsView.swift in Sources */,
				00SKY000000000000000068 /* StarDetailView.swift in Sources */,
				00SKY000000000000000125 /* SkyGuide.swift in Sources */,
				00SKY000000000000000127 /* ExplainedRow.swift in Sources */,
				00SKY000000000000000070 /* ISSPredictor.swift in Sources */,
				00SKY000000000000000072 /* OnlineTLEClient.swift in Sources */,
				00SKY000000000000000074 /* SGP4.swift in Sources */,
				00SKY000000000000000076 /* TLEParser.swift in Sources */,
				00SKY000000000000000078 /* CityPicker.swift in Sources */,
				00SKY000000000000000080 /* LocationService.swift in Sources */,
				00SKY000000000000000082 /* ManualCoordinates.swift in Sources */,
				00SKY000000000000000084 /* MeteorCalendarView.swift in Sources */,
				00SKY000000000000000086 /* MeteorCatalog.swift in Sources */,
				00SKY000000000000000088 /* RadiantOverlay.swift in Sources */,
				00SKY000000000000000090 /* PermissionOnboarding.swift in Sources */,
				00SKY000000000000000092 /* OnlineEnhancementService.swift in Sources */,
				00SKY000000000000000094 /* NightMode.swift in Sources */,
				00SKY000000000000000096 /* SkyClock.swift in Sources */,
				00SKY000000000000000098 /* TimeTravelScrubber.swift in Sources */,
			);
			runOnlyForDeploymentPostprocessing = 0;
		};
		00SKY000000000000000009 /* Sources */ = {
			isa = PBXSourcesBuildPhase;
			buildActionMask = 2147483647;
			files = (
				00SKY000000000000000100 /* AstronomyTests.swift in Sources */,
				00SKY000000000000000123 /* CatalogTests.swift in Sources */,
			);
			runOnlyForDeploymentPostprocessing = 0;
		};
/* End PBXSourcesBuildPhase section */

/* Begin PBXTargetDependency section */
		00SKY000000000000000147 /* PBXTargetDependency */ = {
			isa = PBXTargetDependency;
			target = 00SKY000000000000000002 /* UrsaSky */;
			targetProxy = 00SKY000000000000000148 /* PBXContainerItemProxy */;
		};
/* End PBXTargetDependency section */

/* Begin XCBuildConfiguration section */
		00SKY000000000000000016 /* Debug */ = {
			isa = XCBuildConfiguration;
			buildSettings = {
				ALWAYS_SEARCH_USER_PATHS = NO;
				CLANG_ENABLE_MODULES = YES;
				CLANG_ENABLE_OBJC_ARC = YES;
				CLANG_WARN_BLOCK_CAPTURE_AUTORELEASING = YES;
				CLANG_WARN_BOOL_CONVERSION = YES;
				CLANG_WARN_COMMA = YES;
				CLANG_WARN_CONSTANT_CONVERSION = YES;
				CLANG_WARN_DEPRECATED_OBJC_IMPLEMENTATIONS = YES;
				CLANG_WARN_EMPTY_BODY = YES;
				CLANG_WARN_ENUM_CONVERSION = YES;
				CLANG_WARN_INFINITE_RECURSION = YES;
				CLANG_WARN_INT_CONVERSION = YES;
				CLANG_WARN_NON_LITERAL_NULL_CONVERSION = YES;
				CLANG_WARN_OBJC_IMPLICIT_RETAIN_SELF = YES;
				CLANG_WARN_OBJC_LITERAL_CONVERSION = YES;
				CLANG_WARN_QUOTED_INCLUDE_IN_FRAMEWORK_HEADER = YES;
				CLANG_WARN_RANGE_LOOP_ANALYSIS = YES;
				CLANG_WARN_STRICT_PROTOTYPES = YES;
				CLANG_WARN_SUSPICIOUS_MOVE = YES;
				CLANG_WARN_UNREACHABLE_CODE = YES;
				CLANG_WARN__DUPLICATE_METHOD_MATCH = YES;
				COPY_PHASE_STRIP = NO;
				DEBUG_INFORMATION_FORMAT = dwarf;
				ENABLE_STRICT_OBJC_MSGSEND = YES;
				ENABLE_TESTABILITY = YES;
				ENABLE_USER_SCRIPT_SANDBOXING = YES;
				GCC_DYNAMIC_NO_PIC = NO;
				GCC_NO_COMMON_BLOCKS = YES;
				GCC_OPTIMIZATION_LEVEL = 0;
				GCC_WARN_64_TO_32_BIT_CONVERSION = YES;
				GCC_WARN_ABOUT_RETURN_TYPE = YES;
				GCC_WARN_UNDECLARED_SELECTOR = YES;
				GCC_WARN_UNINITIALIZED_AUTOS = YES;
				GCC_WARN_UNUSED_FUNCTION = YES;
				GCC_WARN_UNUSED_VARIABLE = YES;
				IPHONEOS_DEPLOYMENT_TARGET = 17.0;
				MTL_ENABLE_DEBUG_INFO = INCLUDE_SOURCE;
				ONLY_ACTIVE_ARCH = YES;
				SDKROOT = iphoneos;
				STRING_CATALOG_GENERATE_SYMBOLS = YES;
				SWIFT_ACTIVE_COMPILATION_CONDITIONS = DEBUG;
				SWIFT_OPTIMIZATION_LEVEL = "-Onone";
				SWIFT_VERSION = 5.9;
			};
			name = Debug;
		};
		00SKY000000000000000017 /* Release */ = {
			isa = XCBuildConfiguration;
			buildSettings = {
				ALWAYS_SEARCH_USER_PATHS = NO;
				CLANG_ENABLE_MODULES = YES;
				CLANG_ENABLE_OBJC_ARC = YES;
				CLANG_WARN_BLOCK_CAPTURE_AUTORELEASING = YES;
				CLANG_WARN_BOOL_CONVERSION = YES;
				CLANG_WARN_COMMA = YES;
				CLANG_WARN_CONSTANT_CONVERSION = YES;
				CLANG_WARN_DEPRECATED_OBJC_IMPLEMENTATIONS = YES;
				CLANG_WARN_EMPTY_BODY = YES;
				CLANG_WARN_ENUM_CONVERSION = YES;
				CLANG_WARN_INFINITE_RECURSION = YES;
				CLANG_WARN_INT_CONVERSION = YES;
				CLANG_WARN_NON_LITERAL_NULL_CONVERSION = YES;
				CLANG_WARN_OBJC_IMPLICIT_RETAIN_SELF = YES;
				CLANG_WARN_OBJC_LITERAL_CONVERSION = YES;
				CLANG_WARN_QUOTED_INCLUDE_IN_FRAMEWORK_HEADER = YES;
				CLANG_WARN_RANGE_LOOP_ANALYSIS = YES;
				CLANG_WARN_STRICT_PROTOTYPES = YES;
				CLANG_WARN_SUSPICIOUS_MOVE = YES;
				CLANG_WARN_UNREACHABLE_CODE = YES;
				CLANG_WARN__DUPLICATE_METHOD_MATCH = YES;
				COPY_PHASE_STRIP = NO;
				DEBUG_INFORMATION_FORMAT = "dwarf-with-dsym";
				ENABLE_STRICT_OBJC_MSGSEND = YES;
				ENABLE_USER_SCRIPT_SANDBOXING = YES;
				GCC_NO_COMMON_BLOCKS = YES;
				GCC_WARN_64_TO_32_BIT_CONVERSION = YES;
				GCC_WARN_ABOUT_RETURN_TYPE = YES;
				GCC_WARN_UNDECLARED_SELECTOR = YES;
				GCC_WARN_UNINITIALIZED_AUTOS = YES;
				GCC_WARN_UNUSED_FUNCTION = YES;
				GCC_WARN_UNUSED_VARIABLE = YES;
				IPHONEOS_DEPLOYMENT_TARGET = 17.0;
				SDKROOT = iphoneos;
				STRING_CATALOG_GENERATE_SYMBOLS = YES;
				SWIFT_COMPILATION_MODE = wholemodule;
				SWIFT_OPTIMIZATION_LEVEL = "-O";
				SWIFT_VERSION = 5.9;
				VALIDATE_PRODUCT = YES;
			};
			name = Release;
		};
		00SKY000000000000000018 /* Debug */ = {
			isa = XCBuildConfiguration;
			buildSettings = {
				ASSETCATALOG_COMPILER_APPICON_NAME = AppIcon;
				ASSETCATALOG_COMPILER_GLOBAL_ACCENT_COLOR_NAME = AccentColor;
				CODE_SIGN_STYLE = Automatic;
				CURRENT_PROJECT_VERSION = 1;
				DEVELOPMENT_TEAM = LFUJ5F964X;
				GENERATE_INFOPLIST_FILE = YES;
				INFOPLIST_FILE = UrsaSky/Info.plist;
				INFOPLIST_KEY_CFBundleDisplayName = "Ursa Sky";
				INFOPLIST_KEY_LSApplicationCategoryType = "public.app-category.weather";
				INFOPLIST_KEY_LSSupportsOpeningDocumentsInPlace = NO;
				INFOPLIST_KEY_NSCameraUsageDescription = "Ursa Sky uses the camera so the star catalog can sit on the real sky.";
				INFOPLIST_KEY_NSLocationWhenInUseUsageDescription = "A location on Earth turns the catalog into altitude and azimuth. GPS works without a network.";
				INFOPLIST_KEY_NSMotionUsageDescription = "Motion sensors aim the star overlay with the phone.";
				INFOPLIST_KEY_UIApplicationSceneManifest_Generation = YES;
				INFOPLIST_KEY_UIApplicationSupportsIndirectInputEvents = YES;
				INFOPLIST_KEY_UILaunchScreen_Generation = YES;
				INFOPLIST_KEY_UISupportedInterfaceOrientations = UIInterfaceOrientationPortrait;
				INFOPLIST_KEY_UISupportedInterfaceOrientations_iPad = "UIInterfaceOrientationPortrait UIInterfaceOrientationPortraitUpsideDown UIInterfaceOrientationLandscapeLeft UIInterfaceOrientationLandscapeRight";
				LD_RUNPATH_SEARCH_PATHS = (
					"$(inherited)",
					"@executable_path/Frameworks",
				);
				MARKETING_VERSION = 1.0;
				PRODUCT_BUNDLE_IDENTIFIER = com.ursasky.app;
				PRODUCT_NAME = UrsaSky;
				SUPPORTED_PLATFORMS = "iphoneos iphonesimulator";
				SUPPORTS_MACCATALYST = NO;
				SWIFT_EMIT_LOC_STRINGS = YES;
				SWIFT_VERSION = 5.9;
				TARGETED_DEVICE_FAMILY = 1;
			};
			name = Debug;
		};
		00SKY000000000000000019 /* Release */ = {
			isa = XCBuildConfiguration;
			buildSettings = {
				ASSETCATALOG_COMPILER_APPICON_NAME = AppIcon;
				ASSETCATALOG_COMPILER_GLOBAL_ACCENT_COLOR_NAME = AccentColor;
				CODE_SIGN_STYLE = Automatic;
				CURRENT_PROJECT_VERSION = 1;
				DEVELOPMENT_TEAM = LFUJ5F964X;
				GENERATE_INFOPLIST_FILE = YES;
				INFOPLIST_FILE = UrsaSky/Info.plist;
				INFOPLIST_KEY_CFBundleDisplayName = "Ursa Sky";
				INFOPLIST_KEY_LSApplicationCategoryType = "public.app-category.weather";
				INFOPLIST_KEY_NSCameraUsageDescription = "Ursa Sky uses the camera so the star catalog can sit on the real sky.";
				INFOPLIST_KEY_NSLocationWhenInUseUsageDescription = "A location on Earth turns the catalog into altitude and azimuth. GPS works without a network.";
				INFOPLIST_KEY_NSMotionUsageDescription = "Motion sensors aim the star overlay with the phone.";
				INFOPLIST_KEY_UIApplicationSceneManifest_Generation = YES;
				INFOPLIST_KEY_UILaunchScreen_Generation = YES;
				INFOPLIST_KEY_UISupportedInterfaceOrientations = UIInterfaceOrientationPortrait;
				LD_RUNPATH_SEARCH_PATHS = (
					"$(inherited)",
					"@executable_path/Frameworks",
				);
				MARKETING_VERSION = 1.0;
				PRODUCT_BUNDLE_IDENTIFIER = com.ursasky.app;
				PRODUCT_NAME = UrsaSky;
				SUPPORTED_PLATFORMS = "iphoneos iphonesimulator";
				SUPPORTS_MACCATALYST = NO;
				SWIFT_VERSION = 5.9;
				TARGETED_DEVICE_FAMILY = 1;
			};
			name = Release;
		};
		00SKY000000000000000020 /* Debug */ = {
			isa = XCBuildConfiguration;
			buildSettings = {
				BUNDLE_LOADER = "$(TEST_HOST)";
				CODE_SIGN_STYLE = Automatic;
				CURRENT_PROJECT_VERSION = 1;
				GENERATE_INFOPLIST_FILE = YES;
				IPHONEOS_DEPLOYMENT_TARGET = 17.0;
				MARKETING_VERSION = 1.0;
				PRODUCT_BUNDLE_IDENTIFIER = com.ursasky.app.tests;
				PRODUCT_NAME = "$(TARGET_NAME)";
				SWIFT_VERSION = 5.9;
				TARGETED_DEVICE_FAMILY = 1;
				TEST_HOST = "$(BUILT_PRODUCTS_DIR)/UrsaSky.app/UrsaSky";
			};
			name = Debug;
		};
		00SKY000000000000000021 /* Release */ = {
			isa = XCBuildConfiguration;
			buildSettings = {
				BUNDLE_LOADER = "$(TEST_HOST)";
				CODE_SIGN_STYLE = Automatic;
				CURRENT_PROJECT_VERSION = 1;
				GENERATE_INFOPLIST_FILE = YES;
				IPHONEOS_DEPLOYMENT_TARGET = 17.0;
				MARKETING_VERSION = 1.0;
				PRODUCT_BUNDLE_IDENTIFIER = com.ursasky.app.tests;
				PRODUCT_NAME = "$(TARGET_NAME)";
				SWIFT_VERSION = 5.9;
				TARGETED_DEVICE_FAMILY = 1;
				TEST_HOST = "$(BUILT_PRODUCTS_DIR)/UrsaSky.app/UrsaSky";
			};
			name = Release;
		};
/* End XCBuildConfiguration section */

/* Begin XCConfigurationList section */
		00SKY000000000000000022 /* Build configuration list for PBXProject "UrsaSky" */ = {
			isa = XCConfigurationList;
			buildConfigurations = (
				00SKY000000000000000016 /* Debug */,
				00SKY000000000000000017 /* Release */,
			);
			defaultConfigurationIsVisible = 0;
			defaultConfigurationName = Release;
		};
		00SKY000000000000000023 /* Build configuration list for PBXNativeTarget "UrsaSky" */ = {
			isa = XCConfigurationList;
			buildConfigurations = (
				00SKY000000000000000018 /* Debug */,
				00SKY000000000000000019 /* Release */,
			);
			defaultConfigurationIsVisible = 0;
			defaultConfigurationName = Release;
		};
		00SKY000000000000000024 /* Build configuration list for PBXNativeTarget "UrsaSkyTests" */ = {
			isa = XCConfigurationList;
			buildConfigurations = (
				00SKY000000000000000020 /* Debug */,
				00SKY000000000000000021 /* Release */,
			);
			defaultConfigurationIsVisible = 0;
			defaultConfigurationName = Release;
		};
/* End XCConfigurationList section */
	};
	rootObject = 00SKY000000000000000001 /* Project object */;
}
